// !$*UTF8*$!
{
	archiveVersion = 1;
	classes = {
	};
	objectVersion = 48;
	objects = {

/* Begin PBXBuildFile section */
		B79C86F11FAC1F4700B057FA /* AppDelegate.swift in Sources */ = {isa = PBXBuildFile; fileRef = B79C86F01FAC1F4700B057FA /* AppDelegate.swift */; };
		B79C86F31FAC1F4700B057FA /* ViewController.swift in Sources */ = {isa = PBXBuildFile; fileRef = B79C86F21FAC1F4700B057FA /* ViewController.swift */; };
		B79C86F61FAC1F4700B057FA /* Main.storyboard in Resources */ = {isa = PBXBuildFile; fileRef = B79C86F41FAC1F4700B057FA /* Main.storyboard */; };
		B79C86F81FAC1F4700B057FA /* Assets.xcassets in Resources */ = {isa = PBXBuildFile; fileRef = B79C86F71FAC1F4700B057FA /* Assets.xcassets */; };
		B79C86FB1FAC1F4700B057FA /* LaunchScreen.storyboard in Resources */ = {isa = PBXBuildFile; fileRef = B79C86F91FAC1F4700B057FA /* LaunchScreen.storyboard */; };
		B79C87061FAC1F4700B057FA /* TouchTrackerTests.swift in Sources */ = {isa = PBXBuildFile; fileRef = B79C87051FAC1F4700B057FA /* TouchTrackerTests.swift */; };
		B79C87111FAC1F4700B057FA /* TouchTrackerUITests.swift in Sources */ = {isa = PBXBuildFile; fileRef = B79C87101FAC1F4700B057FA /* TouchTrackerUITests.swift */; };
		B79C871F1FAC207400B057FA /* Line.swift in Sources */ = {isa = PBXBuildFile; fileRef = B79C871E1FAC207400B057FA /* Line.swift */; };
		B79C87211FAC21CB00B057FA /* DrawVIew.swift in Sources */ = {isa = PBXBuildFile; fileRef = B79C87201FAC21CB00B057FA /* DrawVIew.swift */; };
/* End PBXBuildFile section */

/* Begin PBXContainerItemProxy section */
		B79C87021FAC1F4700B057FA /* PBXContainerItemProxy */ = {
			isa = PBXContainerItemProxy;
			containerPortal = B79C86E51FAC1F4700B057FA /* Project object */;
			proxyType = 1;
			remoteGlobalIDString = B79C86EC1FAC1F4700B057FA;
			remoteInfo = TouchTracker;
		};
		B79C870D1FAC1F4700B057FA /* PBXContainerItemProxy */ = {
			isa = PBXContainerItemProxy;
			containerPortal = B79C86E51FAC1F4700B057FA /* Project object */;
			proxyType = 1;
			remoteGlobalIDString = B79C86EC1FAC1F4700B057FA;
			remoteInfo = TouchTracker;
		};
/* End PBXContainerItemProxy section */

/* Begin PBXFileReference section */
		B79C86ED1FAC1F4700B057FA /* TouchTracker.app */ = {isa = PBXFileReference; explicitFileType = wrapper.application; includeInIndex = 0; path = TouchTracker.app; sourceTree = BUILT_PRODUCTS_DIR; };
		B79C86F01FAC1F4700B057FA /* AppDelegate.swift */ = {isa = PBXFileReference; lastKnownFileType = sourcecode.swift; path = AppDelegate.swift; sourceTree = "<group>"; };
		B79C86F21FAC1F4700B057FA /* ViewController.swift */ = {isa = PBXFileReference; lastKnownFileType = sourcecode.swift; path = ViewController.swift; sourceTree = "<group>"; };
		B79C86F51FAC1F4700B057FA /* Base */ = {isa = PBXFileReference; lastKnownFileType = file.storyboard; name = Base; path = Base.lproj/Main.storyboard; sourceTree = "<group>"; };
		B79C86F71FAC1F4700B057FA /* Assets.xcassets */ = {isa = PBXFileReference; lastKnownFileType = folder.assetcatalog; path = Assets.xcassets; sourceTree = "<group>"; };
		B79C86FA1FAC1F4700B057FA /* Base */ = {isa = PBXFileReference; lastKnownFileType = file.storyboard; name = Base; path = Base.lproj/LaunchScreen.storyboard; sourceTree = "<group>"; };
		B79C86FC1FAC1F4700B057FA /* Info.plist */ = {isa = PBXFileReference; lastKnownFileType = text.plist.xml; path = Info.plist; sourceTree = "<group>"; };
		B79C87011FAC1F4700B057FA /* TouchTrackerTests.xctest */ = {isa = PBXFileReference; explicitFileType = wrapper.cfbundle; includeInIndex = 0; path = TouchTrackerTests.xctest; sourceTree = BUILT_PRODUCTS_DIR; };
		B79C87051FAC1F4700B057FA /* TouchTrackerTests.swift */ = {isa = PBXFileReference; lastKnownFileType = sourcecode.swift; path = TouchTrackerTests.swift; sourceTree = "<group>"; };
		B79C87071FAC1F4700B057FA /* Info.plist */ = {isa = PBXFileReference; lastKnownFileType = text.plist.xml; path = Info.plist; sourceTree = "<group>"; };
		B79C870C1FAC1F4700B057FA /* TouchTrackerUITests.xctest */ = {isa = PBXFileReference; explicitFileType = wrapper.cfbundle; includeInIndex = 0; path = TouchTrackerUITests.xctest; sourceTree = BUILT_PRODUCTS_DIR; };
		B79C87101FAC1F4700B057FA /* TouchTrackerUITests.swift */ = {isa = PBXFileReference; lastKnownFileType = sourcecode.swift; path = TouchTrackerUITests.swift; sourceTree = "<group>"; };
		B79C87121FAC1F4700B057FA /* Info.plist */ = {isa = PBXFileReference; lastKnownFileType = text.plist.xml; path = Info.plist; sourceTree = "<group>"; };
		B79C871E1FAC207400B057FA /* Line.swift */ = {isa = PBXFileReference; lastKnownFileType = sourcecode.swift; path = Line.swift; sourceTree = "<group>"; };
		B79C87201FAC21CB00B057FA /* DrawVIew.swift */ = {isa = PBXFileReference; lastKnownFileType = sourcecode.swift; path = DrawVIew.swift; sourceTree = "<group>"; };
/* End PBXFileReference section */

/* Begin PBXFrameworksBuildPhase section */
		B79C86EA1FAC1F4700B057FA /* Frameworks */ = {
			isa = PBXFrameworksBuildPhase;
			buildActionMask = 2147483647;
			files = (
			);
			runOnlyForDeploymentPostprocessing = 0;
		};
		B79C86FE1FAC1F4700B057FA /* Frameworks */ = {
			isa = PBXFrameworksBuildPhase;
			buildActionMask = 2147483647;
			files = (
			);
			runOnlyForDeploymentPostprocessing = 0;
		};
		B79C87091FAC1F4700B057FA /* Frameworks */ = {
			isa = PBXFrameworksBuildPhase;
			buildActionMask = 2147483647;
			files = (
			);
			runOnlyForDeploymentPostprocessing = 0;
		};
/* End PBXFrameworksBuildPhase section */

/* Begin PBXGroup section */
		B79C86E41FAC1F4700B057FA = {
			isa = PBXGroup;
			children = (
				B79C86EF1FAC1F4700B057FA /* TouchTracker */,
				B79C87041FAC1F4700B057FA /* TouchTrackerTests */,
				B79C870F1FAC1F4700B057FA /* TouchTrackerUITests */,
				B79C86EE1FAC1F4700B057FA /* Products */,
			);
			sourceTree = "<group>";
		};
		B79C86EE1FAC1F4700B057FA /* Products */ = {
			isa = PBXGroup;
			children = (
				B79C86ED1FAC1F4700B057FA /* TouchTracker.app */,
				B79C87011FAC1F4700B057FA /* TouchTrackerTests.xctest */,
				B79C870C1FAC1F4700B057FA /* TouchTrackerUITests.xctest */,
			);
			name = Products;
			sourceTree = "<group>";
		};
		B79C86EF1FAC1F4700B057FA /* TouchTracker */ = {
			isa = PBXGroup;
			children = (
				B79C86F01FAC1F4700B057FA /* AppDelegate.swift */,
				B79C86F21FAC1F4700B057FA /* ViewController.swift */,
				B79C871E1FAC207400B057FA /* Line.swift */,
				B79C87201FAC21CB00B057FA /* DrawVIew.swift */,
				B79C86F41FAC1F4700B057FA /* Main.storyboard */,
				B79C86F71FAC1F4700B057FA /* Assets.xcassets */,
				B79C86F91FAC1F4700B057FA /* LaunchScreen.storyboard */,
				B79C86FC1FAC1F4700B057FA /* Info.plist */,
			);
			path = TouchTracker;
			sourceTree = "<group>";
		};
		B79C87041FAC1F4700B057FA /* TouchTrackerTests */ = {
			isa = PBXGroup;
			children = (
				B79C87051FAC1F4700B057FA /* TouchTrackerTests.swift */,
				B79C87071FAC1F4700B057FA /* Info.plist */,
			);
			path = TouchTrackerTests;
			sourceTree = "<group>";
		};
		B79C870F1FAC1F4700B057FA /* TouchTrackerUITests */ = {
			isa = PBXGroup;
			children = (
				B79C87101FAC1F4700B057FA /* TouchTrackerUITests.swift */,
				B79C87121FAC1F4700B057FA /* Info.plist */,
			);
			path = TouchTrackerUITests;
			sourceTree = "<group>";
		};
/* End PBXGroup section */

/* Begin PBXNativeTarget section */
		B79C86EC1FAC1F4700B057FA /* TouchTracker */ = {
			isa = PBXNativeTarget;
			buildConfigurationList = B79C87151FAC1F4700B057FA /* Build configuration list for PBXNativeTarget "TouchTracker" */;
			buildPhases = (
				B79C86E91FAC1F4700B057FA /* Sources */,
				B79C86EA1FAC1F4700B057FA /* Frameworks */,
				B79C86EB1FAC1F4700B057FA /* Resources */,
			);
			buildRules = (
			);
			dependencies = (
			);
			name = TouchTracker;
			productName = TouchTracker;
			productReference = B79C86ED1FAC1F4700B057FA /* TouchTracker.app */;
			productType = "com.apple.product-type.application";
		};
		B79C87001FAC1F4700B057FA /* TouchTrackerTests */ = {
			isa = PBXNativeTarget;
			buildConfigurationList = B79C87181FAC1F4700B057FA /* Build configuration list for PBXNativeTarget "TouchTrackerTests" */;
			buildPhases = (
				B79C86FD1FAC1F4700B057FA /* Sources */,
				B79C86FE1FAC1F4700B057FA /* Frameworks */,
				B79C86FF1FAC1F4700B057FA /* Resources */,
			);
			buildRules = (
			);
			dependencies = (
				B79C87031FAC1F4700B057FA /* PBXTargetDependency */,
			);
			name = TouchTrackerTests;
			productName = TouchTrackerTests;
			productReference = B79C87011FAC1F4700B057FA /* TouchTrackerTests.xctest */;
			productType = "com.apple.product-type.bundle.unit-test";
		};
		B79C870B1FAC1F4700B057FA /* TouchTrackerUITests */ = {
			isa = PBXNativeTarget;
			buildConfigurationList = B79C871B1FAC1F4700B057FA /* Build configuration list for PBXNativeTarget "TouchTrackerUITests" */;
			buildPhases = (
				B79C87081FAC1F4700B057FA /* Sources */,
				B79C87091FAC1F4700B057FA /* Frameworks */,
				B79C870A1FAC1F4700B057FA /* Resources */,
			);
			buildRules = (
			);
			dependencies = (
				B79C870E1FAC1F4700B057FA /* PBXTargetDependency */,
			);
			name = TouchTrackerUITests;
			productName = TouchTrackerUITests;
			productReference = B79C870C1FAC1F4700B057FA /* TouchTrackerUITests.xctest */;
			productType = "com.apple.product-type.bundle.ui-testing";
		};
/* End PBXNativeTarget section */

/* Begin PBXProject section */
		B79C86E51FAC1F4700B057FA /* Project object */ = {
			isa = PBXProject;
			attributes = {
				LastSwiftUpdateCheck = 0900;
				LastUpgradeCheck = 0900;
				ORGANIZATIONNAME = nguyen.phuc.khanh;
				TargetAttributes = {
					B79C86EC1FAC1F4700B057FA = {
						CreatedOnToolsVersion = 9.0.1;
						ProvisioningStyle = Automatic;
					};
					B79C87001FAC1F4700B057FA = {
						CreatedOnToolsVersion = 9.0.1;
						ProvisioningStyle = Automatic;
						TestTargetID = B79C86EC1FAC1F4700B057FA;
					};
					B79C870B1FAC1F4700B057FA = {
						CreatedOnToolsVersion = 9.0.1;
						ProvisioningStyle = Automatic;
						TestTargetID = B79C86EC1FAC1F4700B057FA;
					};
				};
			};
			buildConfigurationList = B79C86E81FAC1F4700B057FA /* Build configuration list for PBXProject "TouchTracker" */;
			compatibilityVersion = "Xcode 8.0";
			developmentRegion = en;
			hasScannedForEncodings = 0;
			knownRegions = (
				en,
				Base,
			);
			mainGroup = B79C86E41FAC1F4700B057FA;
			productRefGroup = B79C86EE1FAC1F4700B057FA /* Products */;
			projectDirPath = "";
			projectRoot = "";
			targets = (
				B79C86EC1FAC1F4700B057FA /* TouchTracker */,
				B79C87001FAC1F4700B057FA /* TouchTrackerTests */,
				B79C870B1FAC1F4700B057FA /* TouchTrackerUITests */,
			);
		};
/* End PBXProject section */

/* Begin PBXResourcesBuildPhase section */
		B79C86EB1FAC1F4700B057FA /* Resources */ = {
			isa = PBXResourcesBuildPhase;
			buildActionMask = 2147483647;
			files = (
				B79C86FB1FAC1F4700B057FA /* LaunchScreen.storyboard in Resources */,
				B79C86F81FAC1F4700B057FA /* Assets.xcassets in Resources */,
				B79C86F61FAC1F4700B057FA /* Main.storyboard in Resources */,
			);
			runOnlyForDeploymentPostprocessing = 0;
		};
		B79C86FF1FAC1F4700B057FA /* Resources */ = {
			isa = PBXResourcesBuildPhase;
			buildActionMask = 2147483647;
			files = (
			);
			runOnlyForDeploymentPostprocessing = 0;
		};
		B79C870A1FAC1F4700B057FA /* Resources */ = {
			isa = PBXResourcesBuildPhase;
			buildActionMask = 2147483647;
			files = (
			);
			runOnlyForDeploymentPostprocessing = 0;
		};
/* End PBXResourcesBuildPhase section */

/* Begin PBXSourcesBuildPhase section */
		B79C86E91FAC1F4700B057FA /* Sources */ = {
			isa = PBXSourcesBuildPhase;
			buildActionMask = 2147483647;
			files = (
				B79C871F1FAC207400B057FA /* Line.swift in Sources */,
				B79C86F31FAC1F4700B057FA /* ViewController.swift in Sources */,
				B79C87211FAC21CB00B057FA /* DrawVIew.swift in Sources */,
				B79C86F11FAC1F4700B057FA /* AppDelegate.swift in Sources */,
			);
			runOnlyForDeploymentPostprocessing = 0;
		};
		B79C86FD1FAC1F4700B057FA /* Sources */ = {
			isa = PBXSourcesBuildPhase;
			buildActionMask = 2147483647;
			files = (
				B79C87061FAC1F4700B057FA /* TouchTrackerTests.swift in Sources */,
			);
			runOnlyForDeploymentPostprocessing = 0;
		};
		B79C87081FAC1F4700B057FA /* Sources */ = {
			isa = PBXSourcesBuildPhase;
			buildActionMask = 2147483647;
			files = (
				B79C87111FAC1F4700B057FA /* TouchTrackerUITests.swift in Sources */,
			);
			runOnlyForDeploymentPostprocessing = 0;
		};
/* End PBXSourcesBuildPhase section */

/* Begin PBXTargetDependency section */
		B79C87031FAC1F4700B057FA /* PBXTargetDependency */ = {
			isa = PBXTargetDependency;
			target = B79C86EC1FAC1F4700B057FA /* TouchTracker */;
			targetProxy = B79C87021FAC1F4700B057FA /* PBXContainerItemProxy */;
		};
		B79C870E1FAC1F4700B057FA /* PBXTargetDependency */ = {
			isa = PBXTargetDependency;
			target = B79C86EC1FAC1F4700B057FA /* TouchTracker */;
			targetProxy = B79C870D1FAC1F4700B057FA /* PBXContainerItemProxy */;
		};
/* End PBXTargetDependency section */

/* Begin PBXVariantGroup section */
		B79C86F41FAC1F4700B057FA /* Main.storyboard */ = {
			isa = PBXVariantGroup;
			children = (
				B79C86F51FAC1F4700B057FA /* Base */,
			);
			name = Main.storyboard;
			sourceTree = "<group>";
		};
		B79C86F91FAC1F4700B057FA /* LaunchScreen.storyboard */ = {
			isa = PBXVariantGroup;
			children = (
				B79C86FA1FAC1F4700B057FA /* Base */,
			);
			name = LaunchScreen.storyboard;
			sourceTree = "<group>";
		};
/* End PBXVariantGroup section */

/* Begin XCBuildConfiguration section */
		B79C87131FAC1F4700B057FA /* Debug */ = {
			isa = XCBuildConfiguration;
			buildSettings = {
				ALWAYS_SEARCH_USER_PATHS = NO;
				CLANG_ANALYZER_NONNULL = YES;
				CLANG_ANALYZER_NUMBER_OBJECT_CONVERSION = YES_AGGRESSIVE;
				CLANG_CXX_LANGUAGE_STANDARD = "gnu++14";
				CLANG_CXX_LIBRARY = "libc++";
				CLANG_ENABLE_MODULES = YES;
				CLANG_ENABLE_OBJC_ARC = YES;
				CLANG_WARN_BLOCK_CAPTURE_AUTORELEASING = YES;
				CLANG_WARN_BOOL_CONVERSION = YES;
				CLANG_WARN_COMMA = YES;
				CLANG_WARN_CONSTANT_CONVERSION = YES;
				CLANG_WARN_DIRECT_OBJC_ISA_USAGE = YES_ERROR;
				CLANG_WARN_DOCUMENTATION_COMMENTS = YES;
				CLANG_WARN_EMPTY_BODY = YES;
				CLANG_WARN_ENUM_CONVERSION = YES;
				CLANG_WARN_INFINITE_RECURSION = YES;
				CLANG_WARN_INT_CONVERSION = YES;
				CLANG_WARN_NON_LITERAL_NULL_CONVERSION = YES;
				CLANG_WARN_OBJC_LITERAL_CONVERSION = YES;
				CLANG_WARN_OBJC_ROOT_CLASS = YES_ERROR;
				CLANG_WARN_RANGE_LOOP_ANALYSIS = YES;
				CLANG_WARN_STRICT_PROTOTYPES = YES;
				CLANG_WARN_SUSPICIOUS_MOVE = YES;
				CLANG_WARN_UNGUARDED_AVAILABILITY = YES_AGGRESSIVE;
				CLANG_WARN_UNREACHABLE_CODE = YES;
				CLANG_WARN__DUPLICATE_METHOD_MATCH = YES;
				CODE_SIGN_IDENTITY = "iPhone Developer";
				COPY_PHASE_STRIP = NO;
				DEBUG_INFORMATION_FORMAT = dwarf;
				ENABLE_STRICT_OBJC_MSGSEND = YES;
				ENABLE_TESTABILITY = YES;
				GCC_C_LANGUAGE_STANDARD = gnu11;
				GCC_DYNAMIC_NO_PIC = NO;
				GCC_NO_COMMON_BLOCKS = YES;
				GCC_OPTIMIZATION_LEVEL = 0;
				GCC_PREPROCESSOR_DEFINITIONS = (
					"DEBUG=1",
					"$(inherited)",
				);
				GCC_WARN_64_TO_32_BIT_CONVERSION = YES;
				GCC_WARN_ABOUT_RETURN_TYPE = YES_ERROR;
				GCC_WARN_UNDECLARED_SELECTOR = YES;
				GCC_WARN_UNINITIALIZED_AUTOS = YES_AGGRESSIVE;
				GCC_WARN_UNUSED_FUNCTION = YES;
				GCC_WARN_UNUSED_VARIABLE = YES;
				IPHONEOS_DEPLOYMENT_TARGET = 11.0;
				MTL_ENABLE_DEBUG_INFO = YES;
				ONLY_ACTIVE_ARCH = YES;
				SDKROOT = iphoneos;
				SWIFT_ACTIVE_COMPILATION_CONDITIONS = DEBUG;
				SWIFT_OPTIMIZATION_LEVEL = "-Onone";
			};
			name = Debug;
		};
		B79C87141FAC1F4700B057FA /* Release */ = {
			isa = XCBuildConfiguration;
			buildSettings = {
				ALWAYS_SEARCH_USER_PATHS = NO;
				CLANG_ANALYZER_NONNULL = YES;
				CLANG_ANALYZER_NUMBER_OBJECT_CONVERSION = YES_AGGRESSIVE;
				CLANG_CXX_LANGUAGE_STANDARD = "gnu++14";
				CLANG_CXX_LIBRARY = "libc++";
				CLANG_ENABLE_MODULES = YES;
				CLANG_ENABLE_OBJC_ARC = YES;
				CLANG_WARN_BLOCK_CAPTURE_AUTORELEASING = YES;
				CLANG_WARN_BOOL_CONVERSION = YES;
				CLANG_WARN_COMMA = YES;
				CLANG_WARN_CONSTANT_CONVERSION = YES;
				CLANG_WARN_DIRECT_OBJC_ISA_USAGE = YES_ERROR;
				CLANG_WARN_DOCUMENTATION_COMMENTS = YES;
				CLANG_WARN_EMPTY_BODY = YES;
				CLANG_WARN_ENUM_CONVERSION = YES;
				CLANG_WARN_INFINITE_RECURSION = YES;
				CLANG_WARN_INT_CONVERSION = YES;
				CLANG_WARN_NON_LITERAL_NULL_CONVERSION = YES;
				CLANG_WARN_OBJC_LITERAL_CONVERSION = YES;
				CLANG_WARN_OBJC_ROOT_CLASS = YES_ERROR;
				CLANG_WARN_RANGE_LOOP_ANALYSIS = YES;
				CLANG_WARN_STRICT_PROTOTYPES = YES;
				CLANG_WARN_SUSPICIOUS_MOVE = YES;
				CLANG_WARN_UNGUARDED_AVAILABILITY = YES_AGGRESSIVE;
				CLANG_WARN_UNREACHABLE_CODE = YES;
				CLANG_WARN__DUPLICATE_METHOD_MATCH = YES;
				CODE_SIGN_IDENTITY = "iPhone Developer";
				COPY_PHASE_STRIP = NO;
				DEBUG_INFORMATION_FORMAT = "dwarf-with-dsym";
				ENABLE_NS_ASSERTIONS = NO;
				ENABLE_STRICT_OBJC_MSGSEND = YES;
				GCC_C_LANGUAGE_STANDARD = gnu11;
				GCC_NO_COMMON_BLOCKS = YES;
				GCC_WARN_64_TO_32_BIT_CONVERSION = YES;
				GCC_WARN_ABOUT_RETURN_TYPE = YES_ERROR;
				GCC_WARN_UNDECLARED_SELECTOR = YES;
				GCC_WARN_UNINITIALIZED_AUTOS = YES_AGGRESSIVE;
				GCC_WARN_UNUSED_FUNCTION = YES;
				GCC_WARN_UNUSED_VARIABLE = YES;
				IPHONEOS_DEPLOYMENT_TARGET = 11.0;
				MTL_ENABLE_DEBUG_INFO = NO;
				SDKROOT = iphoneos;
				SWIFT_OPTIMIZATION_LEVEL = "-Owholemodule";
				VALIDATE_PRODUCT = YES;
			};
			name = Release;
		};
		B79C87161FAC1F4700B057FA /* Debug */ = {
			isa = XCBuildConfiguration;
			buildSettings = {
				ASSETCATALOG_COMPILER_APPICON_NAME = AppIcon;
				CODE_SIGN_STYLE = Automatic;
				DEVELOPMENT_TEAM = 49T2S8SJWE;
				INFOPLIST_FILE = TouchTracker/Info.plist;
				IPHONEOS_DEPLOYMENT_TARGET = 10.0;
				LD_RUNPATH_SEARCH_PATHS = "$(inherited) @executable_path/Frameworks";
				PRODUCT_BUNDLE_IDENTIFIER = nguyen.phuc.khanh.TouchTracker;
				PRODUCT_NAME = "$(TARGET_NAME)";
				SWIFT_VERSION = 4.0;
				TARGETED_DEVICE_FAMILY = "1,2";
			};
			name = Debug;
		};
		B79C87171FAC1F4700B057FA /* Release */ = {
			isa = XCBuildConfiguration;
			buildSettings = {
				ASSETCATALOG_COMPILER_APPICON_NAME = AppIcon;
				CODE_SIGN_STYLE = Automatic;
				DEVELOPMENT_TEAM = 49T2S8SJWE;
				INFOPLIST_FILE = TouchTracker/Info.plist;
				IPHONEOS_DEPLOYMENT_TARGET = 10.0;
				LD_RUNPATH_SEARCH_PATHS = "$(inherited) @executable_path/Frameworks";
				PRODUCT_BUNDLE_IDENTIFIER = nguyen.phuc.khanh.TouchTracker;
				PRODUCT_NAME = "$(TARGET_NAME)";
				SWIFT_VERSION = 4.0;
				TARGETED_DEVICE_FAMILY = "1,2";
			};
			name = Release;
		};
		B79C87191FAC1F4700B057FA /* Debug */ = {
			isa = XCBuildConfiguration;
			buildSettings = {
				ALWAYS_EMBED_SWIFT_STANDARD_LIBRARIES = YES;
				BUNDLE_LOADER = "$(TEST_HOST)";
				CODE_SIGN_STYLE = Automatic;
				DEVELOPMENT_TEAM = 49T2S8SJWE;
				INFOPLIST_FILE = TouchTrackerTests/Info.plist;
				LD_RUNPATH_SEARCH_PATHS = "$(inherited) @executable_path/Frameworks @loader_path/Frameworks";
				PRODUCT_BUNDLE_IDENTIFIER = nguyen.phuc.khanh.TouchTrackerTests;
				PRODUCT_NAME = "$(TARGET_NAME)";
				SWIFT_VERSION = 4.0;
				TARGETED_DEVICE_FAMILY = "1,2";
				TEST_HOST = "$(BUILT_PRODUCTS_DIR)/TouchTracker.app/TouchTracker";
			};
			name = Debug;
		};
		B79C871A1FAC1F4700B057FA /* Release */ = {
			isa = XCBuildConfiguration;
			buildSettings = {
				ALWAYS_EMBED_SWIFT_STANDARD_LIBRARIES = YES;
				BUNDLE_LOADER = "$(TEST_HOST)";
				CODE_SIGN_STYLE = Automatic;
				DEVELOPMENT_TEAM = 49T2S8SJWE;
				INFOPLIST_FILE = TouchTrackerTests/Info.plist;
				LD_RUNPATH_SEARCH_PATHS = "$(inherited) @executable_path/Frameworks @loader_path/Frameworks";
				PRODUCT_BUNDLE_IDENTIFIER = nguyen.phuc.khanh.TouchTrackerTests;
				PRODUCT_NAME = "$(TARGET_NAME)";
				SWIFT_VERSION = 4.0;
				TARGETED_DEVICE_FAMILY = "1,2";
				TEST_HOST = "$(BUILT_PRODUCTS_DIR)/TouchTracker.app/TouchTracker";
			};
			name = Release;
		};
		B79C871C1FAC1F4700B057FA /* Debug */ = {
			isa = XCBuildConfiguration;
			buildSettings = {
				ALWAYS_EMBED_SWIFT_STANDARD_LIBRARIES = YES;
				CODE_SIGN_STYLE = Automatic;
				DEVELOPMENT_TEAM = 49T2S8SJWE;
				INFOPLIST_FILE = TouchTrackerUITests/Info.plist;
				LD_RUNPATH_SEARCH_PATHS = "$(inherited) @executable_path/Frameworks @loader_path/Frameworks";
				PRODUCT_BUNDLE_IDENTIFIER = nguyen.phuc.khanh.TouchTrackerUITests;
				PRODUCT_NAME = "$(TARGET_NAME)";
				SWIFT_VERSION = 4.0;
				TARGETED_DEVICE_FAMILY = "1,2";
				TEST_TARGET_NAME = TouchTracker;
			};
			name = Debug;
		};
		B79C871D1FAC1F4700B057FA /* Release */ = {
			isa = XCBuildConfiguration;
			buildSettings = {
				ALWAYS_EMBED_SWIFT_STANDARD_LIBRARIES = YES;
				CODE_SIGN_STYLE = Automatic;
				DEVELOPMENT_TEAM = 49T2S8SJWE;
				INFOPLIST_FILE = TouchTrackerUITests/Info.plist;
				LD_RUNPATH_SEARCH_PATHS = "$(inherited) @executable_path/Frameworks @loader_path/Frameworks";
				PRODUCT_BUNDLE_IDENTIFIER = nguyen.phuc.khanh.TouchTrackerUITests;
				PRODUCT_NAME = "$(TARGET_NAME)";
				SWIFT_VERSION = 4.0;
				TARGETED_DEVICE_FAMILY = "1,2";
				TEST_TARGET_NAME = TouchTracker;
			};
			name = Release;
		};
/* End XCBuildConfiguration section */

/* Begin XCConfigurationList section */
		B79C86E81FAC1F4700B057FA /* Build configuration list for PBXProject "TouchTracker" */ = {
			isa = XCConfigurationList;
			buildConfigurations = (
				B79C87131FAC1F4700B057FA /* Debug */,
				B79C87141FAC1F4700B057FA /* Release */,
			);
			defaultConfigurationIsVisible = 0;
			defaultConfigurationName = Release;
		};
		B79C87151FAC1F4700B057FA /* Build configuration list for PBXNativeTarget "TouchTracker" */ = {
			isa = XCConfigurationList;
			buildConfigurations = (
				B79C87161FAC1F4700B057FA /* Debug */,
				B79C87171FAC1F4700B057FA /* Release */,
			);
			defaultConfigurationIsVisible = 0;
			defaultConfigurationName = Release;
		};
		B79C87181FAC1F4700B057FA /* Build configuration list for PBXNativeTarget "TouchTrackerTests" */ = {
			isa = XCConfigurationList;
			buildConfigurations = (
				B79C87191FAC1F4700B057FA /* Debug */,
				B79C871A1FAC1F4700B057FA /* Release */,
			);
			defaultConfigurationIsVisible = 0;
			defaultConfigurationName = Release;
		};
		B79C871B1FAC1F4700B057FA /* Build configuration list for PBXNativeTarget "TouchTrackerUITests" */ = {
			isa = XCConfigurationList;
			buildConfigurations = (
				B79C871C1FAC1F4700B057FA /* Debug */,
				B79C871D1FAC1F4700B057FA /* Release */,
			);
			defaultConfigurationIsVisible = 0;
			defaultConfigurationName = Release;
		};
/* End XCConfigurationList section */
	};
	rootObject = B79C86E51FAC1F4700B057FA /* Project object */;
}
